
Microsoft Visual Studio Solution File, Format Version 12.00
# Visual Studio Version 16
VisualStudioVersion = 16.0.31424.327
MinimumVisualStudioVersion = 10.0.40219.1
Project("{FAE04EC0-301F-11D3-BF4B-00C04F79EFBC}") = "CameraMod", "CameraMod\CameraMod.csproj", "{EAC75D69-2A58-4F80-9948-8FB57FECD072}"
EndProject
Project("{9A19103F-16F7-4668-BE54-9A1E7A4F7556}") = "AedenthornUtils", "AedenthornUtils\AedenthornUtils.csproj", "{580D07DA-B0C3-4DAB-967B-F39A9A4E248B}"
EndProject
Global
	GlobalSection(SolutionConfigurationPlatforms) = preSolution
		Debug|Any CPU = Debug|Any CPU
		Release|Any CPU = Release|Any CPU
	EndGlobalSection
	GlobalSection(ProjectConfigurationPlatforms) = postSolution
		{EAC75D69-2A58-4F80-9948-8FB57FECD072}.Debug|Any CPU.ActiveCfg = Debug|Any CPU
		{EAC75D69-2A58-4F80-9948-8FB57FECD072}.Debug|Any CPU.Build.0 = Debug|Any CPU
		{EAC75D69-2A58-4F80-9948-8FB57FECD072}.Release|Any CPU.ActiveCfg = Release|Any CPU
		{EAC75D69-2A58-4F80-9948-8FB57FECD072}.Release|Any CPU.Build.0 = Release|Any CPU
		{580D07DA-B0C3-4DAB-967B-F39A9A4E248B}.Debug|Any CPU.ActiveCfg = Debug|Any CPU
		{580D07DA-B0C3-4DAB-967B-F39A9A4E248B}.Debug|Any CPU.Build.0 = Debug|Any CPU
		{580D07DA-B0C3-4DAB-967B-F39A9A4E248B}.Release|Any CPU.ActiveCfg = Release|Any CPU
		{580D07DA-B0C3-4DAB-967B-F39A9A4E248B}.Release|Any CPU.Build.0 = Release|Any CPU
	EndGlobalSection
	GlobalSection(SolutionProperties) = preSolution
		HideSolutionNode = FALSE
	EndGlobalSection
	GlobalSection(ExtensibilityGlobals) = postSolution
		SolutionGuid = {F7856572-96FA-4D76-8C7A-6D6D36522491}
	EndGlobalSection
EndGlobal
